<?xml version="1.0" encoding="utf-8"?>
<Project ToolsVersion="4.0" xmlns="http://schemas.microsoft.com/developer/msbuild/2003">
  <ItemGroup>
    <Filter Include="源文件">
      <UniqueIdentifier>{4FC737F1-C7A5-4376-A066-2A32D752A2FF}</UniqueIdentifier>
      <Extensions>cpp;c;cc;cxx;c++;cppm;ixx;def;odl;idl;hpj;bat;asm;asmx</Extensions>
    </Filter>
    <Filter Include="头文件">
      <UniqueIdentifier>{93995380-89BD-4b04-88EB-625FBE52EBFB}</UniqueIdentifier>
      <Extensions>h;hh;hpp;hxx;h++;hm;inl;inc;ipp;xsd</Extensions>
    </Filter>
    <Filter Include="资源文件">
      <UniqueIdentifier>{67DA6AB6-F800-4c08-8B7A-83BB121AAD01}</UniqueIdentifier>
      <Extensions>rc;ico;cur;bmp;dlg;rc2;rct;bin;rgs;gif;jpg;jpeg;jpe;resx;tiff;tif;png;wav;mfcribbon-ms</Extensions>
    </Filter>
    <Filter Include="Shaders">
      <UniqueIdentifier>{77bbba79-8668-405f-931c-0447160125c2}</UniqueIdentifier>
    </Filter>
    <Filter Include="common">
      <UniqueIdentifier>{e92b3bd6-13d6-4d4e-8429-dd13843ae1ad}</UniqueIdentifier>
    </Filter>
    <Filter Include="ThirdParty">
      <UniqueIdentifier>{8958e46c-9902-4945-97a6-ab96e810ded6}</UniqueIdentifier>
    </Filter>
    <Filter Include="core">
      <UniqueIdentifier>{5e6ce951-e0d1-4581-bf89-989a7cc87b0a}</UniqueIdentifier>
    </Filter>
    <Filter Include="asset">
      <UniqueIdentifier>{80c500a8-a1e8-42c7-89ad-fe33f988da70}</UniqueIdentifier>
    </Filter>
    <Filter Include="util">
      <UniqueIdentifier>{9cc11355-90e2-40ad-a558-547ab8e0c779}</UniqueIdentifier>
    </Filter>
    <Filter Include="component">
      <UniqueIdentifier>{2a153ae5-74f7-4b01-a6f1-674da17ced6a}</UniqueIdentifier>
    </Filter>
    <Filter Include="scene">
      <UniqueIdentifier>{8a08f43f-236f-4483-835b-2053b95b210a}</UniqueIdentifier>
    </Filter>
    <Filter Include="example">
      <UniqueIdentifier>{f2cbf2d6-7706-4d53-bde7-d362cdcae385}</UniqueIdentifier>
    </Filter>
  </ItemGroup>
  <ItemGroup>
    <ClCompile Include="glad.c">
      <Filter>源文件</Filter>
    </ClCompile>
    <ClCompile Include="main.cpp">
      <Filter>源文件</Filter>
    </ClCompile>
    <ClCompile Include="openglApp.cpp">
      <Filter>源文件</Filter>
    </ClCompile>
    <ClCompile Include="GameTimer.cpp">
      <Filter>源文件</Filter>
    </ClCompile>
    <ClCompile Include="GameApp.cpp">
      <Filter>源文件</Filter>
    </ClCompile>
    <ClCompile Include="GPUObject.cpp">
      <Filter>源文件</Filter>
    </ClCompile>
    <ClCompile Include="Graphics.cpp">
      <Filter>源文件</Filter>
    </ClCompile>
    <ClCompile Include="GraphicsDefs.cpp">
      <Filter>源文件</Filter>
    </ClCompile>
    <ClCompile Include="OGLGraphics.cpp">
      <Filter>源文件</Filter>
    </ClCompile>
    <ClCompile Include="IndexBuffer.cpp">
      <Filter>源文件</Filter>
    </ClCompile>
    <ClCompile Include="VaoObject.cpp">
      <Filter>源文件</Filter>
    </ClCompile>
    <ClCompile Include="GameObject.cpp">
      <Filter>源文件</Filter>
    </ClCompile>
    <ClCompile Include="Color.cpp">
      <Filter>common</Filter>
    </ClCompile>
    <ClCompile Include="Vector2.cpp">
      <Filter>common</Filter>
    </ClCompile>
    <ClCompile Include="Vector3.cpp">
      <Filter>common</Filter>
    </ClCompile>
    <ClCompile Include="Vector4.cpp">
      <Filter>common</Filter>
    </ClCompile>
    <ClCompile Include="VertexBuffer.cpp">
      <Filter>common</Filter>
    </ClCompile>
    <ClCompile Include="VertexTypes.cpp">
      <Filter>common</Filter>
    </ClCompile>
    <ClCompile Include="Node.cpp">
      <Filter>common</Filter>
    </ClCompile>
    <ClCompile Include="Matrix4.cpp">
      <Filter>common</Filter>
    </ClCompile>
    <ClCompile Include="Matrix3x4.cpp">
      <Filter>common</Filter>
    </ClCompile>
    <ClCompile Include="Matrix3.cpp">
      <Filter>common</Filter>
    </ClCompile>
    <ClCompile Include="Quaternion.cpp">
      <Filter>common</Filter>
    </ClCompile>
    <ClCompile Include="core\log.cpp">
      <Filter>core</Filter>
    </ClCompile>
    <ClCompile Include="asset\asset.cpp">
      <Filter>asset</Filter>
    </ClCompile>
    <ClCompile Include="asset\shader.cpp">
      <Filter>asset</Filter>
    </ClCompile>
    <ClCompile Include="asset\buffer.cpp">
      <Filter>asset</Filter>
    </ClCompile>
    <ClCompile Include="asset\fbo.cpp">
      <Filter>asset</Filter>
    </ClCompile>
    <ClCompile Include="asset\texture.cpp">
      <Filter>asset</Filter>
    </ClCompile>
    <ClCompile Include="asset\vao.cpp">
      <Filter>asset</Filter>
    </ClCompile>
    <ClCompile Include="util\image.cpp">
      <Filter>util</Filter>
    </ClCompile>
    <ClCompile Include="util\path.cpp">
      <Filter>util</Filter>
    </ClCompile>
    <ClCompile Include="util\math.cpp">
      <Filter>util</Filter>
    </ClCompile>
    <ClCompile Include="asset\sampler.cpp">
      <Filter>asset</Filter>
    </ClCompile>
    <ClCompile Include="core\sync.cpp">
      <Filter>core</Filter>
    </ClCompile>
    <ClCompile Include="component\mesh.cpp">
      <Filter>component</Filter>
    </ClCompile>
    <ClCompile Include="component\material.cpp">
      <Filter>component</Filter>
    </ClCompile>
    <ClCompile Include="component\camera.cpp">
      <Filter>component</Filter>
    </ClCompile>
    <ClCompile Include="core\input.cpp">
      <Filter>core</Filter>
    </ClCompile>
    <ClCompile Include="core\window.cpp">
      <Filter>core</Filter>
    </ClCompile>
    <ClCompile Include="core\clock.cpp">
      <Filter>core</Filter>
    </ClCompile>
    <ClCompile Include="component\transform.cpp">
      <Filter>component</Filter>
    </ClCompile>
    <ClCompile Include="component\light.cpp">
      <Filter>component</Filter>
    </ClCompile>
    <ClCompile Include="component\animator.cpp">
      <Filter>component</Filter>
    </ClCompile>
    <ClCompile Include="component\model.cpp">
      <Filter>component</Filter>
    </ClCompile>
    <ClCompile Include="scene\renderer.cpp">
      <Filter>scene</Filter>
    </ClCompile>
    <ClCompile Include="scene\scene.cpp">
      <Filter>scene</Filter>
    </ClCompile>
    <ClCompile Include="example\scene_01.cpp">
      <Filter>example</Filter>
    </ClCompile>
    <ClCompile Include="core\event.cpp">
      <Filter>core</Filter>
    </ClCompile>
    <ClCompile Include="scene\ui.cpp">
      <Filter>scene</Filter>
    </ClCompile>
    <ClCompile Include="example\scene_02.cpp">
      <Filter>example</Filter>
    </ClCompile>
    <ClCompile Include="example\scene_03.cpp">
      <Filter>example</Filter>
    </ClCompile>
    <ClCompile Include="example\scene_04.cpp">
      <Filter>example</Filter>
    </ClCompile>
  </ItemGroup>
  <ItemGroup>
    <None Include="shaders\fs.glsl">
      <Filter>Shaders</Filter>
    </None>
    <None Include="shaders\vs.glsl">
      <Filter>Shaders</Filter>
    </None>
    <None Include="shaders\basic.glsl">
      <Filter>Shaders</Filter>
    </None>
    <None Include="irradiance_map.glsl">
      <Filter>Shaders</Filter>
    </None>
    <None Include="prefilter_envmap.glsl">
      <Filter>Shaders</Filter>
    </None>
    <None Include="environment_BRDF.glsl">
      <Filter>Shaders</Filter>
    </None>
    <None Include="model.glsl">
      <Filter>Shaders</Filter>
    </None>
    <None Include="equirect2cube.glsl">
      <Filter>Shaders</Filter>
    </None>
    <None Include="framebuffer.glsl">
      <Filter>Shaders</Filter>
    </None>
    <None Include="infinite_grid.glsl">
      <Filter>Shaders</Filter>
    </None>
    <None Include="skybox.glsl">
      <Filter>Shaders</Filter>
    </None>
    <None Include="light.glsl">
      <Filter>Shaders</Filter>
    </None>
    <None Include="pbr01.glsl">
      <Filter>Shaders</Filter>
    </None>
    <None Include="post_process01.glsl">
      <Filter>Shaders</Filter>
    </None>
    <None Include="bloom.glsl">
      <Filter>Shaders</Filter>
    </None>
    <None Include="cull.glsl">
      <Filter>Shaders</Filter>
    </None>
    <None Include="pbr02.glsl">
      <Filter>Shaders</Filter>
    </None>
    <None Include="post_process02.glsl">
      <Filter>Shaders</Filter>
    </None>
    <None Include="pbr03.glsl">
      <Filter>Shaders</Filter>
    </None>
    <None Include="post_process03.glsl">
      <Filter>Shaders</Filter>
    </None>
    <None Include="post_process04.glsl">
      <Filter>Shaders</Filter>
    </None>
    <None Include="pbr04.glsl">
      <Filter>Shaders</Filter>
    </None>
  </ItemGroup>
  <ItemGroup>
    <ClInclude Include="openglApp.h">
      <Filter>头文件</Filter>
    </ClInclude>
    <ClInclude Include="GameTimer.h">
      <Filter>头文件</Filter>
    </ClInclude>
    <ClInclude Include="GameApp.h">
      <Filter>头文件</Filter>
    </ClInclude>
    <ClInclude Include="GPUObject.h">
      <Filter>头文件</Filter>
    </ClInclude>
    <ClInclude Include="Graphics.h">
      <Filter>头文件</Filter>
    </ClInclude>
    <ClInclude Include="GraphicsDefs.h">
      <Filter>头文件</Filter>
    </ClInclude>
    <ClInclude Include="GraphicsImpl.h">
      <Filter>头文件</Filter>
    </ClInclude>
    <ClInclude Include="IndexBuffer.h">
      <Filter>头文件</Filter>
    </ClInclude>
    <ClInclude Include="VaoObject.h">
      <Filter>头文件</Filter>
    </ClInclude>
    <ClInclude Include="GameObject.h">
      <Filter>头文件</Filter>
    </ClInclude>
    <ClInclude Include="Color.h">
      <Filter>common</Filter>
    </ClInclude>
    <ClInclude Include="VertexTypes.h">
      <Filter>common</Filter>
    </ClInclude>
    <ClInclude Include="VertexBuffer.h">
      <Filter>common</Filter>
    </ClInclude>
    <ClInclude Include="Vector4.h">
      <Filter>common</Filter>
    </ClInclude>
    <ClInclude Include="Vector3.h">
      <Filter>common</Filter>
    </ClInclude>
    <ClInclude Include="Vector2.h">
      <Filter>common</Filter>
    </ClInclude>
    <ClInclude Include="Node.h">
      <Filter>common</Filter>
    </ClInclude>
    <ClInclude Include="Matrix4.h">
      <Filter>common</Filter>
    </ClInclude>
    <ClInclude Include="Matrix3x4.h">
      <Filter>common</Filter>
    </ClInclude>
    <ClInclude Include="Matrix3.h">
      <Filter>common</Filter>
    </ClInclude>
    <ClInclude Include="MathDef.h">
      <Filter>common</Filter>
    </ClInclude>
    <ClInclude Include="Geometry.h">
      <Filter>common</Filter>
    </ClInclude>
    <ClInclude Include="Quaternion.h">
      <Filter>common</Filter>
    </ClInclude>
    <ClInclude Include="Shader.h">
      <Filter>common</Filter>
    </ClInclude>
    <ClInclude Include="core\log.h">
      <Filter>core</Filter>
    </ClInclude>
    <ClInclude Include="core\base.h">
      <Filter>core</Filter>
    </ClInclude>
    <ClInclude Include="asset\asset.h">
      <Filter>asset</Filter>
    </ClInclude>
    <ClInclude Include="asset\shader.h">
      <Filter>asset</Filter>
    </ClInclude>
    <ClInclude Include="asset\buffer.h">
      <Filter>asset</Filter>
    </ClInclude>
    <ClInclude Include="asset\fbo.h">
      <Filter>asset</Filter>
    </ClInclude>
    <ClInclude Include="asset\texture.h">
      <Filter>asset</Filter>
    </ClInclude>
    <ClInclude Include="asset\vao.h">
      <Filter>asset</Filter>
    </ClInclude>
    <ClInclude Include="pch.h">
      <Filter>头文件</Filter>
    </ClInclude>
    <ClInclude Include="util\image.h">
      <Filter>util</Filter>
    </ClInclude>
    <ClInclude Include="util\path.h">
      <Filter>util</Filter>
    </ClInclude>
    <ClInclude Include="util\ext.h">
      <Filter>util</Filter>
    </ClInclude>
    <ClInclude Include="util\math.h">
      <Filter>util</Filter>
    </ClInclude>
    <ClInclude Include="asset\all.h">
      <Filter>asset</Filter>
    </ClInclude>
    <ClInclude Include="asset\sampler.h">
      <Filter>asset</Filter>
    </ClInclude>
    <ClInclude Include="core\sync.h">
      <Filter>core</Filter>
    </ClInclude>
    <ClInclude Include="component\mesh.h">
      <Filter>component</Filter>
    </ClInclude>
    <ClInclude Include="component\component.h">
      <Filter>component</Filter>
    </ClInclude>
    <ClInclude Include="component\material.h">
      <Filter>component</Filter>
    </ClInclude>
    <ClInclude Include="component\camera.h">
      <Filter>component</Filter>
    </ClInclude>
    <ClInclude Include="core\input.h">
      <Filter>core</Filter>
    </ClInclude>
    <ClInclude Include="core\window.h">
      <Filter>core</Filter>
    </ClInclude>
    <ClInclude Include="core\clock.h">
      <Filter>core</Filter>
    </ClInclude>
    <ClInclude Include="core\date.h">
      <Filter>core</Filter>
    </ClInclude>
    <ClInclude Include="component\transform.h">
      <Filter>component</Filter>
    </ClInclude>
    <ClInclude Include="component\light.h">
      <Filter>component</Filter>
    </ClInclude>
    <ClInclude Include="component\animator.h">
      <Filter>component</Filter>
    </ClInclude>
    <ClInclude Include="component\model.h">
      <Filter>component</Filter>
    </ClInclude>
    <ClInclude Include="component\all.h">
      <Filter>component</Filter>
    </ClInclude>
    <ClInclude Include="scene\entity.h">
      <Filter>scene</Filter>
    </ClInclude>
    <ClInclude Include="scene\resource.h">
      <Filter>scene</Filter>
    </ClInclude>
    <ClInclude Include="scene\renderer.h">
      <Filter>scene</Filter>
    </ClInclude>
    <ClInclude Include="scene\scene.h">
      <Filter>scene</Filter>
    </ClInclude>
    <ClInclude Include="example\scene_01.h">
      <Filter>example</Filter>
    </ClInclude>
    <ClInclude Include="core\event.h">
      <Filter>core</Filter>
    </ClInclude>
    <ClInclude Include="scene\ui.h">
      <Filter>scene</Filter>
    </ClInclude>
    <ClInclude Include="example\scene_02.h">
      <Filter>example</Filter>
    </ClInclude>
    <ClInclude Include="example\scene_03.h">
      <Filter>example</Filter>
    </ClInclude>
    <ClInclude Include="example\scene_04.h">
      <Filter>example</Filter>
    </ClInclude>
    <ClInclude Include="example\all.h">
      <Filter>example</Filter>
    </ClInclude>
  </ItemGroup>
</Project>